// !$*UTF8*$!
{
	archiveVersion = 1;
	classes = {
	};
	objectVersion = 50;
	objects = {

/* Begin PBXBuildFile section */
		19BED6C52381445E00CA9FCD /* infoViewController.swift in Sources */ = {isa = PBXBuildFile; fileRef = 19BED6C42381445E00CA9FCD /* infoViewController.swift */; };
		19BFA96C238E4DEE00E9D037 /* CatProfile.swift in Sources */ = {isa = PBXBuildFile; fileRef = 19BFA96B238E4DEE00E9D037 /* CatProfile.swift */; };
		19BFA96E238E4F2400E9D037 /* cats.json in Resources */ = {isa = PBXBuildFile; fileRef = 19BFA96D238E4F2400E9D037 /* cats.json */; };
		19CB4778238A91810083B0E1 /* CatAnnotation.swift in Sources */ = {isa = PBXBuildFile; fileRef = 19CB4777238A91810083B0E1 /* CatAnnotation.swift */; };
		19CB477A238AB0CF0083B0E1 /* DetailViewController.swift in Sources */ = {isa = PBXBuildFile; fileRef = 19CB4779238AB0CF0083B0E1 /* DetailViewController.swift */; };
		19CF4DDC2377EA030043BDB4 /* AppDelegate.swift in Sources */ = {isa = PBXBuildFile; fileRef = 19CF4DDB2377EA030043BDB4 /* AppDelegate.swift */; };
		19CF4DDE2377EA030043BDB4 /* ViewController.swift in Sources */ = {isa = PBXBuildFile; fileRef = 19CF4DDD2377EA030043BDB4 /* ViewController.swift */; };
		19CF4DE12377EA030043BDB4 /* Main.storyboard in Resources */ = {isa = PBXBuildFile; fileRef = 19CF4DDF2377EA030043BDB4 /* Main.storyboard */; };
		19CF4DE32377EA060043BDB4 /* Assets.xcassets in Resources */ = {isa = PBXBuildFile; fileRef = 19CF4DE22377EA060043BDB4 /* Assets.xcassets */; };
		19CF4DE62377EA060043BDB4 /* LaunchScreen.storyboard in Resources */ = {isa = PBXBuildFile; fileRef = 19CF4DE42377EA060043BDB4 /* LaunchScreen.storyboard */; };
		19CF4DF12377EA070043BDB4 /* mapviewTests.swift in Sources */ = {isa = PBXBuildFile; fileRef = 19CF4DF02377EA070043BDB4 /* mapviewTests.swift */; };
		19CF4DFC2377EA070043BDB4 /* mapviewUITests.swift in Sources */ = {isa = PBXBuildFile; fileRef = 19CF4DFB2377EA070043BDB4 /* mapviewUITests.swift */; };
/* End PBXBuildFile section */

/* Begin PBXContainerItemProxy section */
		19CF4DED2377EA070043BDB4 /* PBXContainerItemProxy */ = {
			isa = PBXContainerItemProxy;
			containerPortal = 19CF4DD02377EA030043BDB4 /* Project object */;
			proxyType = 1;
			remoteGlobalIDString = 19CF4DD72377EA030043BDB4;
			remoteInfo = mapview;
		};
		19CF4DF82377EA070043BDB4 /* PBXContainerItemProxy */ = {
			isa = PBXContainerItemProxy;
			containerPortal = 19CF4DD02377EA030043BDB4 /* Project object */;
			proxyType = 1;
			remoteGlobalIDString = 19CF4DD72377EA030043BDB4;
			remoteInfo = mapview;
		};
/* End PBXContainerItemProxy section */

/* Begin PBXFileReference section */
		19BED6C42381445E00CA9FCD /* infoViewController.swift */ = {isa = PBXFileReference; lastKnownFileType = sourcecode.swift; path = infoViewController.swift; sourceTree = "<group>"; };
		19BFA96B238E4DEE00E9D037 /* CatProfile.swift */ = {isa = PBXFileReference; lastKnownFileType = sourcecode.swift; path = CatProfile.swift; sourceTree = "<group>"; };
		19BFA96D238E4F2400E9D037 /* cats.json */ = {isa = PBXFileReference; lastKnownFileType = text.json; path = cats.json; sourceTree = "<group>"; };
		19CB4777238A91810083B0E1 /* CatAnnotation.swift */ = {isa = PBXFileReference; lastKnownFileType = sourcecode.swift; path = CatAnnotation.swift; sourceTree = "<group>"; };
		19CB4779238AB0CF0083B0E1 /* DetailViewController.swift */ = {isa = PBXFileReference; lastKnownFileType = sourcecode.swift; path = DetailViewController.swift; sourceTree = "<group>"; };
		19CF4DD82377EA030043BDB4 /* .app */ = {isa = PBXFileReference; explicitFileType = wrapper.application; includeInIndex = 0; path = .app; sourceTree = BUILT_PRODUCTS_DIR; };
		19CF4DDB2377EA030043BDB4 /* AppDelegate.swift */ = {isa = PBXFileReference; lastKnownFileType = sourcecode.swift; path = AppDelegate.swift; sourceTree = "<group>"; };
		19CF4DDD2377EA030043BDB4 /* ViewController.swift */ = {isa = PBXFileReference; lastKnownFileType = sourcecode.swift; path = ViewController.swift; sourceTree = "<group>"; };
		19CF4DE02377EA030043BDB4 /* Base */ = {isa = PBXFileReference; lastKnownFileType = file.storyboard; name = Base; path = Base.lproj/Main.storyboard; sourceTree = "<group>"; };
		19CF4DE22377EA060043BDB4 /* Assets.xcassets */ = {isa = PBXFileReference; lastKnownFileType = folder.assetcatalog; path = Assets.xcassets; sourceTree = "<group>"; };
		19CF4DE52377EA060043BDB4 /* Base */ = {isa = PBXFileReference; lastKnownFileType = file.storyboard; name = Base; path = Base.lproj/LaunchScreen.storyboard; sourceTree = "<group>"; };
		19CF4DE72377EA060043BDB4 /* Info.plist */ = {isa = PBXFileReference; lastKnownFileType = text.plist.xml; path = Info.plist; sourceTree = "<group>"; };
		19CF4DEC2377EA070043BDB4 /* mapviewTests.xctest */ = {isa = PBXFileReference; explicitFileType = wrapper.cfbundle; includeInIndex = 0; path = mapviewTests.xctest; sourceTree = BUILT_PRODUCTS_DIR; };
		19CF4DF02377EA070043BDB4 /* mapviewTests.swift */ = {isa = PBXFileReference; lastKnownFileType = sourcecode.swift; path = mapviewTests.swift; sourceTree = "<group>"; };
		19CF4DF22377EA070043BDB4 /* Info.plist */ = {isa = PBXFileReference; lastKnownFileType = text.plist.xml; path = Info.plist; sourceTree = "<group>"; };
		19CF4DF72377EA070043BDB4 /* mapviewUITests.xctest */ = {isa = PBXFileReference; explicitFileType = wrapper.cfbundle; includeInIndex = 0; path = mapviewUITests.xctest; sourceTree = BUILT_PRODUCTS_DIR; };
		19CF4DFB2377EA070043BDB4 /* mapviewUITests.swift */ = {isa = PBXFileReference; lastKnownFileType = sourcecode.swift; path = mapviewUITests.swift; sourceTree = "<group>"; };
		19CF4DFD2377EA070043BDB4 /* Info.plist */ = {isa = PBXFileReference; lastKnownFileType = text.plist.xml; path = Info.plist; sourceTree = "<group>"; };
/* End PBXFileReference section */

/* Begin PBXFrameworksBuildPhase section */
		19CF4DD52377EA030043BDB4 /* Frameworks */ = {
			isa = PBXFrameworksBuildPhase;
			buildActionMask = 2147483647;
			files = (
			);
			runOnlyForDeploymentPostprocessing = 0;
		};
		19CF4DE92377EA070043BDB4 /* Frameworks */ = {
			isa = PBXFrameworksBuildPhase;
			buildActionMask = 2147483647;
			files = (
			);
			runOnlyForDeploymentPostprocessing = 0;
		};
		19CF4DF42377EA070043BDB4 /* Frameworks */ = {
			isa = PBXFrameworksBuildPhase;
			buildActionMask = 2147483647;
			files = (
			);
			runOnlyForDeploymentPostprocessing = 0;
		};
/* End PBXFrameworksBuildPhase section */

/* Begin PBXGroup section */
		19CF4DCF2377EA030043BDB4 = {
			isa = PBXGroup;
			children = (
				19CF4DDA2377EA030043BDB4 /* mapview */,
				19CF4DEF2377EA070043BDB4 /* mapviewTests */,
				19CF4DFA2377EA070043BDB4 /* mapviewUITests */,
				19CF4DD92377EA030043BDB4 /* Products */,
				19CF4E092378366D0043BDB4 /* Frameworks */,
			);
			sourceTree = "<group>";
		};
		19CF4DD92377EA030043BDB4 /* Products */ = {
			isa = PBXGroup;
			children = (
				19CF4DD82377EA030043BDB4 /* .app */,
				19CF4DEC2377EA070043BDB4 /* mapviewTests.xctest */,
				19CF4DF72377EA070043BDB4 /* mapviewUITests.xctest */,
			);
			name = Products;
			sourceTree = "<group>";
		};
		19CF4DDA2377EA030043BDB4 /* mapview */ = {
			isa = PBXGroup;
			children = (
				19CF4DDB2377EA030043BDB4 /* AppDelegate.swift */,
				19CF4DDD2377EA030043BDB4 /* ViewController.swift */,
				19BED6C42381445E00CA9FCD /* infoViewController.swift */,
				19CB4779238AB0CF0083B0E1 /* DetailViewController.swift */,
				19CF4DDF2377EA030043BDB4 /* Main.storyboard */,
				19CF4DE22377EA060043BDB4 /* Assets.xcassets */,
				19CF4DE42377EA060043BDB4 /* LaunchScreen.storyboard */,
				19CF4DE72377EA060043BDB4 /* Info.plist */,
				19CB4777238A91810083B0E1 /* CatAnnotation.swift */,
				19BFA96B238E4DEE00E9D037 /* CatProfile.swift */,
				19BFA96D238E4F2400E9D037 /* cats.json */,
			);
			path = mapview;
			sourceTree = "<group>";
		};
		19CF4DEF2377EA070043BDB4 /* mapviewTests */ = {
			isa = PBXGroup;
			children = (
				19CF4DF02377EA070043BDB4 /* mapviewTests.swift */,
				19CF4DF22377EA070043BDB4 /* Info.plist */,
			);
			path = mapviewTests;
			sourceTree = "<group>";
		};
		19CF4DFA2377EA070043BDB4 /* mapviewUITests */ = {
			isa = PBXGroup;
			children = (
				19CF4DFB2377EA070043BDB4 /* mapviewUITests.swift */,
				19CF4DFD2377EA070043BDB4 /* Info.plist */,
			);
			path = mapviewUITests;
			sourceTree = "<group>";
		};
		19CF4E092378366D0043BDB4 /* Frameworks */ = {
			isa = PBXGroup;
			children = (
			);
			name = Frameworks;
			sourceTree = "<group>";
		};
/* End PBXGroup section */

/* Begin PBXNativeTarget section */
		19CF4DD72377EA030043BDB4 /* mapview */ = {
			isa = PBXNativeTarget;
			buildConfigurationList = 19CF4E002377EA070043BDB4 /* Build configuration list for PBXNativeTarget "mapview" */;
			buildPhases = (
				19CF4DD42377EA030043BDB4 /* Sources */,
				19CF4DD52377EA030043BDB4 /* Frameworks */,
				19CF4DD62377EA030043BDB4 /* Resources */,
			);
			buildRules = (
			);
			dependencies = (
			);
			name = mapview;
			productName = mapview;
			productReference = 19CF4DD82377EA030043BDB4 /* .app */;
			productType = "com.apple.product-type.application";
		};
		19CF4DEB2377EA070043BDB4 /* mapviewTests */ = {
			isa = PBXNativeTarget;
			buildConfigurationList = 19CF4E032377EA070043BDB4 /* Build configuration list for PBXNativeTarget "mapviewTests" */;
			buildPhases = (
				19CF4DE82377EA070043BDB4 /* Sources */,
				19CF4DE92377EA070043BDB4 /* Frameworks */,
				19CF4DEA2377EA070043BDB4 /* Resources */,
			);
			buildRules = (
			);
			dependencies = (
				19CF4DEE2377EA070043BDB4 /* PBXTargetDependency */,
			);
			name = mapviewTests;
			productName = mapviewTests;
			productReference = 19CF4DEC2377EA070043BDB4 /* mapviewTests.xctest */;
			productType = "com.apple.product-type.bundle.unit-test";
		};
		19CF4DF62377EA070043BDB4 /* mapviewUITests */ = {
			isa = PBXNativeTarget;
			buildConfigurationList = 19CF4E062377EA070043BDB4 /* Build configuration list for PBXNativeTarget "mapviewUITests" */;
			buildPhases = (
				19CF4DF32377EA070043BDB4 /* Sources */,
				19CF4DF42377EA070043BDB4 /* Frameworks */,
				19CF4DF52377EA070043BDB4 /* Resources */,
			);
			buildRules = (
			);
			dependencies = (
				19CF4DF92377EA070043BDB4 /* PBXTargetDependency */,
			);
			name = mapviewUITests;
			productName = mapviewUITests;
			productReference = 19CF4DF72377EA070043BDB4 /* mapviewUITests.xctest */;
			productType = "com.apple.product-type.bundle.ui-testing";
		};
/* End PBXNativeTarget section */

/* Begin PBXProject section */
		19CF4DD02377EA030043BDB4 /* Project object */ = {
			isa = PBXProject;
			attributes = {
				LastSwiftUpdateCheck = 1010;
				LastUpgradeCheck = 1010;
				ORGANIZATIONNAME = ihyemin;
				TargetAttributes = {
					19CF4DD72377EA030043BDB4 = {
						CreatedOnToolsVersion = 10.1;
						SystemCapabilities = {
							com.apple.Maps.iOS = {
								enabled = 0;
							};
						};
					};
					19CF4DEB2377EA070043BDB4 = {
						CreatedOnToolsVersion = 10.1;
						TestTargetID = 19CF4DD72377EA030043BDB4;
					};
					19CF4DF62377EA070043BDB4 = {
						CreatedOnToolsVersion = 10.1;
						TestTargetID = 19CF4DD72377EA030043BDB4;
					};
				};
			};
			buildConfigurationList = 19CF4DD32377EA030043BDB4 /* Build configuration list for PBXProject "mapview" */;
			compatibilityVersion = "Xcode 9.3";
			developmentRegion = en;
			hasScannedForEncodings = 0;
			knownRegions = (
				en,
				Base,
			);
			mainGroup = 19CF4DCF2377EA030043BDB4;
			productRefGroup = 19CF4DD92377EA030043BDB4 /* Products */;
			projectDirPath = "";
			projectRoot = "";
			targets = (
				19CF4DD72377EA030043BDB4 /* mapview */,
				19CF4DEB2377EA070043BDB4 /* mapviewTests */,
				19CF4DF62377EA070043BDB4 /* mapviewUITests */,
			);
		};
/* End PBXProject section */

/* Begin PBXResourcesBuildPhase section */
		19CF4DD62377EA030043BDB4 /* Resources */ = {
			isa = PBXResourcesBuildPhase;
			buildActionMask = 2147483647;
			files = (
				19BFA96E238E4F2400E9D037 /* cats.json in Resources */,
				19CF4DE62377EA060043BDB4 /* LaunchScreen.storyboard in Resources */,
				19CF4DE32377EA060043BDB4 /* Assets.xcassets in Resources */,
				19CF4DE12377EA030043BDB4 /* Main.storyboard in Resources */,
			);
			runOnlyForDeploymentPostprocessing = 0;
		};
		19CF4DEA2377EA070043BDB4 /* Resources */ = {
			isa = PBXResourcesBuildPhase;
			buildActionMask = 2147483647;
			files = (
			);
			runOnlyForDeploymentPostprocessing = 0;
		};
		19CF4DF52377EA070043BDB4 /* Resources */ = {
			isa = PBXResourcesBuildPhase;
			buildActionMask = 2147483647;
			files = (
			);
			runOnlyForDeploymentPostprocessing = 0;
		};
/* End PBXResourcesBuildPhase section */

/* Begin PBXSourcesBuildPhase section */
		19CF4DD42377EA030043BDB4 /* Sources */ = {
			isa = PBXSourcesBuildPhase;
			buildActionMask = 2147483647;
			files = (
				19CB4778238A91810083B0E1 /* CatAnnotation.swift in Sources */,
				19BED6C52381445E00CA9FCD /* infoViewController.swift in Sources */,
				19BFA96C238E4DEE00E9D037 /* CatProfile.swift in Sources */,
				19CB477A238AB0CF0083B0E1 /* DetailViewController.swift in Sources */,
				19CF4DDE2377EA030043BDB4 /* ViewController.swift in Sources */,
				19CF4DDC2377EA030043BDB4 /* AppDelegate.swift in Sources */,
			);
			runOnlyForDeploymentPostprocessing = 0;
		};
		19CF4DE82377EA070043BDB4 /* Sources */ = {
			isa = PBXSourcesBuildPhase;
			buildActionMask = 2147483647;
			files = (
				19CF4DF12377EA070043BDB4 /* mapviewTests.swift in Sources */,
			);
			runOnlyForDeploymentPostprocessing = 0;
		};
		19CF4DF32377EA070043BDB4 /* Sources */ = {
			isa = PBXSourcesBuildPhase;
			buildActionMask = 2147483647;
			files = (
				19CF4DFC2377EA070043BDB4 /* mapviewUITests.swift in Sources */,
			);
			runOnlyForDeploymentPostprocessing = 0;
		};
/* End PBXSourcesBuildPhase section */

/* Begin PBXTargetDependency section */
		19CF4DEE2377EA070043BDB4 /* PBXTargetDependency */ = {
			isa = PBXTargetDependency;
			target = 19CF4DD72377EA030043BDB4 /* mapview */;
			targetProxy = 19CF4DED2377EA070043BDB4 /* PBXContainerItemProxy */;
		};
		19CF4DF92377EA070043BDB4 /* PBXTargetDependency */ = {
			isa = PBXTargetDependency;
			target = 19CF4DD72377EA030043BDB4 /* mapview */;
			targetProxy = 19CF4DF82377EA070043BDB4 /* PBXContainerItemProxy */;
		};
/* End PBXTargetDependency section */

/* Begin PBXVariantGroup section */
		19CF4DDF2377EA030043BDB4 /* Main.storyboard */ = {
			isa = PBXVariantGroup;
			children = (
				19CF4DE02377EA030043BDB4 /* Base */,
			);
			name = Main.storyboard;
			sourceTree = "<group>";
		};
		19CF4DE42377EA060043BDB4 /* LaunchScreen.storyboard */ = {
			isa = PBXVariantGroup;
			children = (
				19CF4DE52377EA060043BDB4 /* Base */,
			);
			name = LaunchScreen.storyboard;
			sourceTree = "<group>";
		};
/* End PBXVariantGroup section */

/* Begin XCBuildConfiguration section */
		19CF4DFE2377EA070043BDB4 /* Debug */ = {
			isa = XCBuildConfiguration;
			buildSettings = {
				ALWAYS_SEARCH_USER_PATHS = NO;
				CLANG_ANALYZER_NONNULL = YES;
				CLANG_ANALYZER_NUMBER_OBJECT_CONVERSION = YES_AGGRESSIVE;
				CLANG_CXX_LANGUAGE_STANDARD = "gnu++14";
				CLANG_CXX_LIBRARY = "libc++";
				CLANG_ENABLE_MODULES = YES;
				CLANG_ENABLE_OBJC_ARC = YES;
				CLANG_ENABLE_OBJC_WEAK = YES;
				CLANG_WARN_BLOCK_CAPTURE_AUTORELEASING = YES;
				CLANG_WARN_BOOL_CONVERSION = YES;
				CLANG_WARN_COMMA = YES;
				CLANG_WARN_CONSTANT_CONVERSION = YES;
				CLANG_WARN_DEPRECATED_OBJC_IMPLEMENTATIONS = YES;
				CLANG_WARN_DIRECT_OBJC_ISA_USAGE = YES_ERROR;
				CLANG_WARN_DOCUMENTATION_COMMENTS = YES;
				CLANG_WARN_EMPTY_BODY = YES;
				CLANG_WARN_ENUM_CONVERSION = YES;
				CLANG_WARN_INFINITE_RECURSION = YES;
				CLANG_WARN_INT_CONVERSION = YES;
				CLANG_WARN_NON_LITERAL_NULL_CONVERSION = YES;
				CLANG_WARN_OBJC_IMPLICIT_RETAIN_SELF = YES;
				CLANG_WARN_OBJC_LITERAL_CONVERSION = YES;
				CLANG_WARN_OBJC_ROOT_CLASS = YES_ERROR;
				CLANG_WARN_RANGE_LOOP_ANALYSIS = YES;
				CLANG_WARN_STRICT_PROTOTYPES = YES;
				CLANG_WARN_SUSPICIOUS_MOVE = YES;
				CLANG_WARN_UNGUARDED_AVAILABILITY = YES_AGGRESSIVE;
				CLANG_WARN_UNREACHABLE_CODE = YES;
				CLANG_WARN__DUPLICATE_METHOD_MATCH = YES;
				CODE_SIGN_IDENTITY = "iPhone Developer";
				COPY_PHASE_STRIP = NO;
				DEBUG_INFORMATION_FORMAT = dwarf;
				ENABLE_STRICT_OBJC_MSGSEND = YES;
				ENABLE_TESTABILITY = YES;
				GCC_C_LANGUAGE_STANDARD = gnu11;
				GCC_DYNAMIC_NO_PIC = NO;
				GCC_NO_COMMON_BLOCKS = YES;
				GCC_OPTIMIZATION_LEVEL = 0;
				GCC_PREPROCESSOR_DEFINITIONS = (
					"DEBUG=1",
					"$(inherited)",
				);
				GCC_WARN_64_TO_32_BIT_CONVERSION = YES;
				GCC_WARN_ABOUT_RETURN_TYPE = YES_ERROR;
				GCC_WARN_UNDECLARED_SELECTOR = YES;
				GCC_WARN_UNINITIALIZED_AUTOS = YES_AGGRESSIVE;
				GCC_WARN_UNUSED_FUNCTION = YES;
				GCC_WARN_UNUSED_VARIABLE = YES;
				IPHONEOS_DEPLOYMENT_TARGET = 12.1;
				MTL_ENABLE_DEBUG_INFO = INCLUDE_SOURCE;
				MTL_FAST_MATH = YES;
				ONLY_ACTIVE_ARCH = YES;
				SDKROOT = iphoneos;
				SWIFT_ACTIVE_COMPILATION_CONDITIONS = DEBUG;
				SWIFT_OPTIMIZATION_LEVEL = "-Onone";
			};
			name = Debug;
		};
		19CF4DFF2377EA070043BDB4 /* Release */ = {
			isa = XCBuildConfiguration;
			buildSettings = {
				ALWAYS_SEARCH_USER_PATHS = NO;
				CLANG_ANALYZER_NONNULL = YES;
				CLANG_ANALYZER_NUMBER_OBJECT_CONVERSION = YES_AGGRESSIVE;
				CLANG_CXX_LANGUAGE_STANDARD = "gnu++14";
				CLANG_CXX_LIBRARY = "libc++";
				CLANG_ENABLE_MODULES = YES;
				CLANG_ENABLE_OBJC_ARC = YES;
				CLANG_ENABLE_OBJC_WEAK = YES;
				CLANG_WARN_BLOCK_CAPTURE_AUTORELEASING = YES;
				CLANG_WARN_BOOL_CONVERSION = YES;
				CLANG_WARN_COMMA = YES;
				CLANG_WARN_CONSTANT_CONVERSION = YES;
				CLANG_WARN_DEPRECATED_OBJC_IMPLEMENTATIONS = YES;
				CLANG_WARN_DIRECT_OBJC_ISA_USAGE = YES_ERROR;
				CLANG_WARN_DOCUMENTATION_COMMENTS = YES;
				CLANG_WARN_EMPTY_BODY = YES;
				CLANG_WARN_ENUM_CONVERSION = YES;
				CLANG_WARN_INFINITE_RECURSION = YES;
				CLANG_WARN_INT_CONVERSION = YES;
				CLANG_WARN_NON_LITERAL_NULL_CONVERSION = YES;
				CLANG_WARN_OBJC_IMPLICIT_RETAIN_SELF = YES;
				CLANG_WARN_OBJC_LITERAL_CONVERSION = YES;
				CLANG_WARN_OBJC_ROOT_CLASS = YES_ERROR;
				CLANG_WARN_RANGE_LOOP_ANALYSIS = YES;
				CLANG_WARN_STRICT_PROTOTYPES = YES;
				CLANG_WARN_SUSPICIOUS_MOVE = YES;
				CLANG_WARN_UNGUARDED_AVAILABILITY = YES_AGGRESSIVE;
				CLANG_WARN_UNREACHABLE_CODE = YES;
				CLANG_WARN__DUPLICATE_METHOD_MATCH = YES;
				CODE_SIGN_IDENTITY = "iPhone Developer";
				COPY_PHASE_STRIP = NO;
				DEBUG_INFORMATION_FORMAT = "dwarf-with-dsym";
				ENABLE_NS_ASSERTIONS = NO;
				ENABLE_STRICT_OBJC_MSGSEND = YES;
				GCC_C_LANGUAGE_STANDARD = gnu11;
				GCC_NO_COMMON_BLOCKS = YES;
				GCC_WARN_64_TO_32_BIT_CONVERSION = YES;
				GCC_WARN_ABOUT_RETURN_TYPE = YES_ERROR;
				GCC_WARN_UNDECLARED_SELECTOR = YES;
				GCC_WARN_UNINITIALIZED_AUTOS = YES_AGGRESSIVE;
				GCC_WARN_UNUSED_FUNCTION = YES;
				GCC_WARN_UNUSED_VARIABLE = YES;
				IPHONEOS_DEPLOYMENT_TARGET = 12.1;
				MTL_ENABLE_DEBUG_INFO = NO;
				MTL_FAST_MATH = YES;
				SDKROOT = iphoneos;
				SWIFT_COMPILATION_MODE = wholemodule;
				SWIFT_OPTIMIZATION_LEVEL = "-O";
				VALIDATE_PRODUCT = YES;
			};
			name = Release;
		};
		19CF4E012377EA070043BDB4 /* Debug */ = {
			isa = XCBuildConfiguration;
			buildSettings = {
				ASSETCATALOG_COMPILER_APPICON_NAME = AppIcon;
				CODE_SIGN_IDENTITY = "Apple Development";
				CODE_SIGN_STYLE = Automatic;
				DEVELOPMENT_TEAM = XY2SAJ58XB;
				INFOPLIST_FILE = mapview/Info.plist;
				LD_RUNPATH_SEARCH_PATHS = (
					"$(inherited)",
					"@executable_path/Frameworks",
				);
				PRODUCT_BUNDLE_IDENTIFIER = "-----.mapview";
				PROVISIONING_PROFILE_SPECIFIER = "";
				SWIFT_VERSION = 4.2;
				TARGETED_DEVICE_FAMILY = "1,2";
			};
			name = Debug;
		};
		19CF4E022377EA070043BDB4 /* Release */ = {
			isa = XCBuildConfiguration;
			buildSettings = {
				ASSETCATALOG_COMPILER_APPICON_NAME = AppIcon;
				CODE_SIGN_IDENTITY = "Apple Development";
				CODE_SIGN_STYLE = Automatic;
				DEVELOPMENT_TEAM = XY2SAJ58XB;
				INFOPLIST_FILE = mapview/Info.plist;
				LD_RUNPATH_SEARCH_PATHS = (
					"$(inherited)",
					"@executable_path/Frameworks",
				);
				PRODUCT_BUNDLE_IDENTIFIER = "-----.mapview";
				PROVISIONING_PROFILE_SPECIFIER = "";
				SWIFT_VERSION = 4.2;
				TARGETED_DEVICE_FAMILY = "1,2";
			};
			name = Release;
		};
		19CF4E042377EA070043BDB4 /* Debug */ = {
			isa = XCBuildConfiguration;
			buildSettings = {
				ALWAYS_EMBED_SWIFT_STANDARD_LIBRARIES = YES;
				BUNDLE_LOADER = "$(TEST_HOST)";
				CODE_SIGN_STYLE = Automatic;
				INFOPLIST_FILE = mapviewTests/Info.plist;
				LD_RUNPATH_SEARCH_PATHS = (
					"$(inherited)",
					"@executable_path/Frameworks",
					"@loader_path/Frameworks",
				);
				PRODUCT_BUNDLE_IDENTIFIER = "-----.mapviewTests";
				PRODUCT_NAME = "$(TARGET_NAME)";
				SWIFT_VERSION = 4.2;
				TARGETED_DEVICE_FAMILY = "1,2";
				TEST_HOST = "$(BUILT_PRODUCTS_DIR)/mapview.app/mapview";
			};
			name = Debug;
		};
		19CF4E052377EA070043BDB4 /* Release */ = {
			isa = XCBuildConfiguration;
			buildSettings = {
				ALWAYS_EMBED_SWIFT_STANDARD_LIBRARIES = YES;
				BUNDLE_LOADER = "$(TEST_HOST)";
				CODE_SIGN_STYLE = Automatic;
				INFOPLIST_FILE = mapviewTests/Info.plist;
				LD_RUNPATH_SEARCH_PATHS = (
					"$(inherited)",
					"@executable_path/Frameworks",
					"@loader_path/Frameworks",
				);
				PRODUCT_BUNDLE_IDENTIFIER = "-----.mapviewTests";
				PRODUCT_NAME = "$(TARGET_NAME)";
				SWIFT_VERSION = 4.2;
				TARGETED_DEVICE_FAMILY = "1,2";
				TEST_HOST = "$(BUILT_PRODUCTS_DIR)/mapview.app/mapview";
			};
			name = Release;
		};
		19CF4E072377EA070043BDB4 /* Debug */ = {
			isa = XCBuildConfiguration;
			buildSettings = {
				ALWAYS_EMBED_SWIFT_STANDARD_LIBRARIES = YES;
				CODE_SIGN_STYLE = Automatic;
				INFOPLIST_FILE = mapviewUITests/Info.plist;
				LD_RUNPATH_SEARCH_PATHS = (
					"$(inherited)",
					"@executable_path/Frameworks",
					"@loader_path/Frameworks",
				);
				PRODUCT_BUNDLE_IDENTIFIER = "-----.mapviewUITests";
				PRODUCT_NAME = "$(TARGET_NAME)";
				SWIFT_VERSION = 4.2;
				TARGETED_DEVICE_FAMILY = "1,2";
				TEST_TARGET_NAME = mapview;
			};
			name = Debug;
		};
		19CF4E082377EA070043BDB4 /* Release */ = {
			isa = XCBuildConfiguration;
			buildSettings = {
				ALWAYS_EMBED_SWIFT_STANDARD_LIBRARIES = YES;
				CODE_SIGN_STYLE = Automatic;
				INFOPLIST_FILE = mapviewUITests/Info.plist;
				LD_RUNPATH_SEARCH_PATHS = (
					"$(inherited)",
					"@executable_path/Frameworks",
					"@loader_path/Frameworks",
				);
				PRODUCT_BUNDLE_IDENTIFIER = "-----.mapviewUITests";
				PRODUCT_NAME = "$(TARGET_NAME)";
				SWIFT_VERSION = 4.2;
				TARGETED_DEVICE_FAMILY = "1,2";
				TEST_TARGET_NAME = mapview;
			};
			name = Release;
		};
/* End XCBuildConfiguration section */

/* Begin XCConfigurationList section */
		19CF4DD32377EA030043BDB4 /* Build configuration list for PBXProject "mapview" */ = {
			isa = XCConfigurationList;
			buildConfigurations = (
				19CF4DFE2377EA070043BDB4 /* Debug */,
				19CF4DFF2377EA070043BDB4 /* Release */,
			);
			defaultConfigurationIsVisible = 0;
			defaultConfigurationName = Release;
		};
		19CF4E002377EA070043BDB4 /* Build configuration list for PBXNativeTarget "mapview" */ = {
			isa = XCConfigurationList;
			buildConfigurations = (
				19CF4E012377EA070043BDB4 /* Debug */,
				19CF4E022377EA070043BDB4 /* Release */,
			);
			defaultConfigurationIsVisible = 0;
			defaultConfigurationName = Release;
		};
		19CF4E032377EA070043BDB4 /* Build configuration list for PBXNativeTarget "mapviewTests" */ = {
			isa = XCConfigurationList;
			buildConfigurations = (
				19CF4E042377EA070043BDB4 /* Debug */,
				19CF4E052377EA070043BDB4 /* Release */,
			);
			defaultConfigurationIsVisible = 0;
			defaultConfigurationName = Release;
		};
		19CF4E062377EA070043BDB4 /* Build configuration list for PBXNativeTarget "mapviewUITests" */ = {
			isa = XCConfigurationList;
			buildConfigurations = (
				19CF4E072377EA070043BDB4 /* Debug */,
				19CF4E082377EA070043BDB4 /* Release */,
			);
			defaultConfigurationIsVisible = 0;
			defaultConfigurationName = Release;
		};
/* End XCConfigurationList section */
	};
	rootObject = 19CF4DD02377EA030043BDB4 /* Project object */;
}
